// !$*UTF8*$!
{
	archiveVersion = 1;
	classes = {
	};
	objectVersion = 56;
	objects = {

/* Begin PBXBuildFile section */
		831C67902ABBDE37000751BC /* MessageMainView.swift in Sources */ = {isa = PBXBuildFile; fileRef = 831C678F2ABBDE37000751BC /* MessageMainView.swift */; };
		831C67932ABBDE55000751BC /* MesssageViewModel.swift in Sources */ = {isa = PBXBuildFile; fileRef = 831C67922ABBDE55000751BC /* MesssageViewModel.swift */; };
		831C67952ABBEA28000751BC /* TestUI.swift in Sources */ = {isa = PBXBuildFile; fileRef = 831C67942ABBEA28000751BC /* TestUI.swift */; };
		831C67972ABC0073000751BC /* ChatRoom.swift in Sources */ = {isa = PBXBuildFile; fileRef = 831C67962ABC0073000751BC /* ChatRoom.swift */; };
		831C67992ABC03C6000751BC /* ChatRoomCell.swift in Sources */ = {isa = PBXBuildFile; fileRef = 831C67982ABC03C6000751BC /* ChatRoomCell.swift */; };
		83292BB72ABC1292001BDF2D /* WhatPeopleSayingCell.swift in Sources */ = {isa = PBXBuildFile; fileRef = 83292BB62ABC1292001BDF2D /* WhatPeopleSayingCell.swift */; };
		836638B52AB2E8C500FCB47F /* Social_AppApp.swift in Sources */ = {isa = PBXBuildFile; fileRef = 836638B42AB2E8C500FCB47F /* Social_AppApp.swift */; };
		836638B72AB2E8C500FCB47F /* WelcomeView.swift in Sources */ = {isa = PBXBuildFile; fileRef = 836638B62AB2E8C500FCB47F /* WelcomeView.swift */; };
		836638B92AB2E8C700FCB47F /* Assets.xcassets in Resources */ = {isa = PBXBuildFile; fileRef = 836638B82AB2E8C700FCB47F /* Assets.xcassets */; };
		836638BC2AB2E8C700FCB47F /* Preview Assets.xcassets in Resources */ = {isa = PBXBuildFile; fileRef = 836638BB2AB2E8C700FCB47F /* Preview Assets.xcassets */; };
		836638C62AB2E8DE00FCB47F /* CGFloat+.swift in Sources */ = {isa = PBXBuildFile; fileRef = 836638C42AB2E8DE00FCB47F /* CGFloat+.swift */; };
		836638C72AB2E8DE00FCB47F /* Color+.swift in Sources */ = {isa = PBXBuildFile; fileRef = 836638C52AB2E8DE00FCB47F /* Color+.swift */; };
		836638CB2AB2E95200FCB47F /* Step1View.swift in Sources */ = {isa = PBXBuildFile; fileRef = 836638CA2AB2E95200FCB47F /* Step1View.swift */; };
		836638CE2AB2E98A00FCB47F /* NavigationBar.swift in Sources */ = {isa = PBXBuildFile; fileRef = 836638CD2AB2E98A00FCB47F /* NavigationBar.swift */; };
		836638D02AB2EFAA00FCB47F /* EnvironmentValues+.swift in Sources */ = {isa = PBXBuildFile; fileRef = 836638CF2AB2EFAA00FCB47F /* EnvironmentValues+.swift */; };
		836638D22AB2F1DD00FCB47F /* RoundedTextField.swift in Sources */ = {isa = PBXBuildFile; fileRef = 836638D12AB2F1DD00FCB47F /* RoundedTextField.swift */; };
		836638D42AB2F4DF00FCB47F /* Step2View.swift in Sources */ = {isa = PBXBuildFile; fileRef = 836638D32AB2F4DF00FCB47F /* Step2View.swift */; };
		836638D62AB2F4E300FCB47F /* Step3View.swift in Sources */ = {isa = PBXBuildFile; fileRef = 836638D52AB2F4E300FCB47F /* Step3View.swift */; };
		836638D82AB2F67100FCB47F /* RoundedSecureField.swift in Sources */ = {isa = PBXBuildFile; fileRef = 836638D72AB2F67100FCB47F /* RoundedSecureField.swift */; };
		836638DA2AB2FBC200FCB47F /* Step4View.swift in Sources */ = {isa = PBXBuildFile; fileRef = 836638D92AB2FBC200FCB47F /* Step4View.swift */; };
		836638DD2AB3016800FCB47F /* NavigationUtil.swift in Sources */ = {isa = PBXBuildFile; fileRef = 836638DC2AB3016800FCB47F /* NavigationUtil.swift */; };
		836638DF2AB3037100FCB47F /* LoginView.swift in Sources */ = {isa = PBXBuildFile; fileRef = 836638DE2AB3037100FCB47F /* LoginView.swift */; };
		836638E22AB3E65C00FCB47F /* MainTabView.swift in Sources */ = {isa = PBXBuildFile; fileRef = 836638E12AB3E65C00FCB47F /* MainTabView.swift */; };
		836638E42AB3EC7300FCB47F /* TabButton.swift in Sources */ = {isa = PBXBuildFile; fileRef = 836638E32AB3EC7300FCB47F /* TabButton.swift */; };
		836638E72AB7F93F00FCB47F /* HomeView.swift in Sources */ = {isa = PBXBuildFile; fileRef = 836638E62AB7F93F00FCB47F /* HomeView.swift */; };
		836638EA2AB83A1000FCB47F /* HomeViewModel.swift in Sources */ = {isa = PBXBuildFile; fileRef = 836638E92AB83A1000FCB47F /* HomeViewModel.swift */; };
		836638ED2AB83B9300FCB47F /* RecommendUser.swift in Sources */ = {isa = PBXBuildFile; fileRef = 836638EC2AB83B9300FCB47F /* RecommendUser.swift */; };
		836638F02AB8402800FCB47F /* RecommendUserCell.swift in Sources */ = {isa = PBXBuildFile; fileRef = 836638EF2AB8402800FCB47F /* RecommendUserCell.swift */; };
		836638F22AB84D9000FCB47F /* UserFeed.swift in Sources */ = {isa = PBXBuildFile; fileRef = 836638F12AB84D9000FCB47F /* UserFeed.swift */; };
		8367FF2E2ABC1973003C9C0C /* WhatPeopleSaying.swift in Sources */ = {isa = PBXBuildFile; fileRef = 8367FF2D2ABC1973003C9C0C /* WhatPeopleSaying.swift */; };
		83B753902AB96A3B002D95BB /* UserDetailView.swift in Sources */ = {isa = PBXBuildFile; fileRef = 83B7538F2AB96A3B002D95BB /* UserDetailView.swift */; };
		83B753942AB97D69002D95BB /* View+.swift in Sources */ = {isa = PBXBuildFile; fileRef = 83B753932AB97D69002D95BB /* View+.swift */; };
		83C8897A2AB99C1C00EF980E /* AppRootManager.swift in Sources */ = {isa = PBXBuildFile; fileRef = 83C889792AB99C1C00EF980E /* AppRootManager.swift */; };
/* End PBXBuildFile section */

/* Begin PBXFileReference section */
		831C678F2ABBDE37000751BC /* MessageMainView.swift */ = {isa = PBXFileReference; lastKnownFileType = sourcecode.swift; path = MessageMainView.swift; sourceTree = "<group>"; };
		831C67922ABBDE55000751BC /* MesssageViewModel.swift */ = {isa = PBXFileReference; lastKnownFileType = sourcecode.swift; path = MesssageViewModel.swift; sourceTree = "<group>"; };
		831C67942ABBEA28000751BC /* TestUI.swift */ = {isa = PBXFileReference; lastKnownFileType = sourcecode.swift; path = TestUI.swift; sourceTree = "<group>"; };
		831C67962ABC0073000751BC /* ChatRoom.swift */ = {isa = PBXFileReference; lastKnownFileType = sourcecode.swift; path = ChatRoom.swift; sourceTree = "<group>"; };
		831C67982ABC03C6000751BC /* ChatRoomCell.swift */ = {isa = PBXFileReference; lastKnownFileType = sourcecode.swift; path = ChatRoomCell.swift; sourceTree = "<group>"; };
		83292BB62ABC1292001BDF2D /* WhatPeopleSayingCell.swift */ = {isa = PBXFileReference; lastKnownFileType = sourcecode.swift; path = WhatPeopleSayingCell.swift; sourceTree = "<group>"; };
		836638B12AB2E8C500FCB47F /* Social_App.app */ = {isa = PBXFileReference; explicitFileType = wrapper.application; includeInIndex = 0; path = Social_App.app; sourceTree = BUILT_PRODUCTS_DIR; };
		836638B42AB2E8C500FCB47F /* Social_AppApp.swift */ = {isa = PBXFileReference; lastKnownFileType = sourcecode.swift; path = Social_AppApp.swift; sourceTree = "<group>"; };
		836638B62AB2E8C500FCB47F /* WelcomeView.swift */ = {isa = PBXFileReference; lastKnownFileType = sourcecode.swift; path = WelcomeView.swift; sourceTree = "<group>"; };
		836638B82AB2E8C700FCB47F /* Assets.xcassets */ = {isa = PBXFileReference; lastKnownFileType = folder.assetcatalog; path = Assets.xcassets; sourceTree = "<group>"; };
		836638BB2AB2E8C700FCB47F /* Preview Assets.xcassets */ = {isa = PBXFileReference; lastKnownFileType = folder.assetcatalog; path = "Preview Assets.xcassets"; sourceTree = "<group>"; };
		836638C42AB2E8DE00FCB47F /* CGFloat+.swift */ = {isa = PBXFileReference; fileEncoding = 4; lastKnownFileType = sourcecode.swift; path = "CGFloat+.swift"; sourceTree = "<group>"; };
		836638C52AB2E8DE00FCB47F /* Color+.swift */ = {isa = PBXFileReference; fileEncoding = 4; lastKnownFileType = sourcecode.swift; path = "Color+.swift"; sourceTree = "<group>"; };
		836638CA2AB2E95200FCB47F /* Step1View.swift */ = {isa = PBXFileReference; lastKnownFileType = sourcecode.swift; path = Step1View.swift; sourceTree = "<group>"; };
		836638CD2AB2E98A00FCB47F /* NavigationBar.swift */ = {isa = PBXFileReference; lastKnownFileType = sourcecode.swift; path = NavigationBar.swift; sourceTree = "<group>"; };
		836638CF2AB2EFAA00FCB47F /* EnvironmentValues+.swift */ = {isa = PBXFileReference; lastKnownFileType = sourcecode.swift; path = "EnvironmentValues+.swift"; sourceTree = "<group>"; };
		836638D12AB2F1DD00FCB47F /* RoundedTextField.swift */ = {isa = PBXFileReference; lastKnownFileType = sourcecode.swift; path = RoundedTextField.swift; sourceTree = "<group>"; };
		836638D32AB2F4DF00FCB47F /* Step2View.swift */ = {isa = PBXFileReference; lastKnownFileType = sourcecode.swift; path = Step2View.swift; sourceTree = "<group>"; };
		836638D52AB2F4E300FCB47F /* Step3View.swift */ = {isa = PBXFileReference; lastKnownFileType = sourcecode.swift; path = Step3View.swift; sourceTree = "<group>"; };
		836638D72AB2F67100FCB47F /* RoundedSecureField.swift */ = {isa = PBXFileReference; lastKnownFileType = sourcecode.swift; path = RoundedSecureField.swift; sourceTree = "<group>"; };
		836638D92AB2FBC200FCB47F /* Step4View.swift */ = {isa = PBXFileReference; lastKnownFileType = sourcecode.swift; path = Step4View.swift; sourceTree = "<group>"; };
		836638DC2AB3016800FCB47F /* NavigationUtil.swift */ = {isa = PBXFileReference; lastKnownFileType = sourcecode.swift; path = NavigationUtil.swift; sourceTree = "<group>"; };
		836638DE2AB3037100FCB47F /* LoginView.swift */ = {isa = PBXFileReference; lastKnownFileType = sourcecode.swift; path = LoginView.swift; sourceTree = "<group>"; };
		836638E12AB3E65C00FCB47F /* MainTabView.swift */ = {isa = PBXFileReference; lastKnownFileType = sourcecode.swift; path = MainTabView.swift; sourceTree = "<group>"; };
		836638E32AB3EC7300FCB47F /* TabButton.swift */ = {isa = PBXFileReference; lastKnownFileType = sourcecode.swift; path = TabButton.swift; sourceTree = "<group>"; };
		836638E62AB7F93F00FCB47F /* HomeView.swift */ = {isa = PBXFileReference; lastKnownFileType = sourcecode.swift; path = HomeView.swift; sourceTree = "<group>"; };
		836638E92AB83A1000FCB47F /* HomeViewModel.swift */ = {isa = PBXFileReference; lastKnownFileType = sourcecode.swift; path = HomeViewModel.swift; sourceTree = "<group>"; };
		836638EC2AB83B9300FCB47F /* RecommendUser.swift */ = {isa = PBXFileReference; lastKnownFileType = sourcecode.swift; path = RecommendUser.swift; sourceTree = "<group>"; };
		836638EF2AB8402800FCB47F /* RecommendUserCell.swift */ = {isa = PBXFileReference; lastKnownFileType = sourcecode.swift; path = RecommendUserCell.swift; sourceTree = "<group>"; };
		836638F12AB84D9000FCB47F /* UserFeed.swift */ = {isa = PBXFileReference; lastKnownFileType = sourcecode.swift; path = UserFeed.swift; sourceTree = "<group>"; };
		8367FF2D2ABC1973003C9C0C /* WhatPeopleSaying.swift */ = {isa = PBXFileReference; lastKnownFileType = sourcecode.swift; path = WhatPeopleSaying.swift; sourceTree = "<group>"; };
		83B7538F2AB96A3B002D95BB /* UserDetailView.swift */ = {isa = PBXFileReference; lastKnownFileType = sourcecode.swift; path = UserDetailView.swift; sourceTree = "<group>"; };
		83B753932AB97D69002D95BB /* View+.swift */ = {isa = PBXFileReference; lastKnownFileType = sourcecode.swift; path = "View+.swift"; sourceTree = "<group>"; };
		83C889792AB99C1C00EF980E /* AppRootManager.swift */ = {isa = PBXFileReference; lastKnownFileType = sourcecode.swift; path = AppRootManager.swift; sourceTree = "<group>"; };
/* End PBXFileReference section */

/* Begin PBXFrameworksBuildPhase section */
		836638AE2AB2E8C500FCB47F /* Frameworks */ = {
			isa = PBXFrameworksBuildPhase;
			buildActionMask = 2147483647;
			files = (
			);
			runOnlyForDeploymentPostprocessing = 0;
		};
/* End PBXFrameworksBuildPhase section */

/* Begin PBXGroup section */
		831C678E2ABBDE23000751BC /* Message */ = {
			isa = PBXGroup;
			children = (
				831C678F2ABBDE37000751BC /* MessageMainView.swift */,
				831C67982ABC03C6000751BC /* ChatRoomCell.swift */,
				83292BB62ABC1292001BDF2D /* WhatPeopleSayingCell.swift */,
			);
			path = Message;
			sourceTree = "<group>";
		};
		831C67912ABBDE4E000751BC /* Message */ = {
			isa = PBXGroup;
			children = (
				831C67922ABBDE55000751BC /* MesssageViewModel.swift */,
			);
			path = Message;
			sourceTree = "<group>";
		};
		836638A82AB2E8C500FCB47F = {
			isa = PBXGroup;
			children = (
				836638B32AB2E8C500FCB47F /* Social_App */,
				836638B22AB2E8C500FCB47F /* Products */,
			);
			sourceTree = "<group>";
		};
		836638B22AB2E8C500FCB47F /* Products */ = {
			isa = PBXGroup;
			children = (
				836638B12AB2E8C500FCB47F /* Social_App.app */,
			);
			name = Products;
			sourceTree = "<group>";
		};
		836638B32AB2E8C500FCB47F /* Social_App */ = {
			isa = PBXGroup;
			children = (
				836638B42AB2E8C500FCB47F /* Social_AppApp.swift */,
				836638C22AB2E8DE00FCB47F /* Common */,
				836638CC2AB2E97E00FCB47F /* CustomViews */,
				836638EB2AB83B7600FCB47F /* Models */,
				836638E82AB839E500FCB47F /* ViewModels */,
				836638C82AB2E92E00FCB47F /* Views */,
				836638B82AB2E8C700FCB47F /* Assets.xcassets */,
				836638BA2AB2E8C700FCB47F /* Preview Content */,
			);
			path = Social_App;
			sourceTree = "<group>";
		};
		836638BA2AB2E8C700FCB47F /* Preview Content */ = {
			isa = PBXGroup;
			children = (
				836638BB2AB2E8C700FCB47F /* Preview Assets.xcassets */,
			);
			path = "Preview Content";
			sourceTree = "<group>";
		};
		836638C22AB2E8DE00FCB47F /* Common */ = {
			isa = PBXGroup;
			children = (
				83C889782AB99C1500EF980E /* Managers */,
				836638DB2AB3015800FCB47F /* Utils */,
				836638C32AB2E8DE00FCB47F /* Extension */,
				831C67942ABBEA28000751BC /* TestUI.swift */,
			);
			path = Common;
			sourceTree = "<group>";
		};
		836638C32AB2E8DE00FCB47F /* Extension */ = {
			isa = PBXGroup;
			children = (
				836638C42AB2E8DE00FCB47F /* CGFloat+.swift */,
				836638C52AB2E8DE00FCB47F /* Color+.swift */,
				836638CF2AB2EFAA00FCB47F /* EnvironmentValues+.swift */,
				83B753932AB97D69002D95BB /* View+.swift */,
			);
			path = Extension;
			sourceTree = "<group>";
		};
		836638C82AB2E92E00FCB47F /* Views */ = {
			isa = PBXGroup;
			children = (
				836638E02AB3E65100FCB47F /* MainTab */,
				831C678E2ABBDE23000751BC /* Message */,
				83B7538E2AB96A1F002D95BB /* User */,
				836638E52AB7F93800FCB47F /* Home */,
				836638C92AB2E93100FCB47F /* Login */,
			);
			path = Views;
			sourceTree = "<group>";
		};
		836638C92AB2E93100FCB47F /* Login */ = {
			isa = PBXGroup;
			children = (
				836638B62AB2E8C500FCB47F /* WelcomeView.swift */,
				836638CA2AB2E95200FCB47F /* Step1View.swift */,
				836638D32AB2F4DF00FCB47F /* Step2View.swift */,
				836638D52AB2F4E300FCB47F /* Step3View.swift */,
				836638D92AB2FBC200FCB47F /* Step4View.swift */,
				836638DE2AB3037100FCB47F /* LoginView.swift */,
			);
			path = Login;
			sourceTree = "<group>";
		};
		836638CC2AB2E97E00FCB47F /* CustomViews */ = {
			isa = PBXGroup;
			children = (
				836638CD2AB2E98A00FCB47F /* NavigationBar.swift */,
				836638D12AB2F1DD00FCB47F /* RoundedTextField.swift */,
				836638D72AB2F67100FCB47F /* RoundedSecureField.swift */,
			);
			path = CustomViews;
			sourceTree = "<group>";
		};
		836638DB2AB3015800FCB47F /* Utils */ = {
			isa = PBXGroup;
			children = (
				836638DC2AB3016800FCB47F /* NavigationUtil.swift */,
			);
			path = Utils;
			sourceTree = "<group>";
		};
		836638E02AB3E65100FCB47F /* MainTab */ = {
			isa = PBXGroup;
			children = (
				836638E12AB3E65C00FCB47F /* MainTabView.swift */,
				836638E32AB3EC7300FCB47F /* TabButton.swift */,
			);
			path = MainTab;
			sourceTree = "<group>";
		};
		836638E52AB7F93800FCB47F /* Home */ = {
			isa = PBXGroup;
			children = (
				836638E62AB7F93F00FCB47F /* HomeView.swift */,
				836638EF2AB8402800FCB47F /* RecommendUserCell.swift */,
			);
			path = Home;
			sourceTree = "<group>";
		};
		836638E82AB839E500FCB47F /* ViewModels */ = {
			isa = PBXGroup;
			children = (
				831C67912ABBDE4E000751BC /* Message */,
				836638EE2AB83C4C00FCB47F /* Home */,
			);
			path = ViewModels;
			sourceTree = "<group>";
		};
		836638EB2AB83B7600FCB47F /* Models */ = {
			isa = PBXGroup;
			children = (
				836638EC2AB83B9300FCB47F /* RecommendUser.swift */,
				836638F12AB84D9000FCB47F /* UserFeed.swift */,
				831C67962ABC0073000751BC /* ChatRoom.swift */,
				8367FF2D2ABC1973003C9C0C /* WhatPeopleSaying.swift */,
			);
			path = Models;
			sourceTree = "<group>";
		};
		836638EE2AB83C4C00FCB47F /* Home */ = {
			isa = PBXGroup;
			children = (
				836638E92AB83A1000FCB47F /* HomeViewModel.swift */,
			);
			path = Home;
			sourceTree = "<group>";
		};
		83B7538E2AB96A1F002D95BB /* User */ = {
			isa = PBXGroup;
			children = (
				83B7538F2AB96A3B002D95BB /* UserDetailView.swift */,
			);
			path = User;
			sourceTree = "<group>";
		};
		83C889782AB99C1500EF980E /* Managers */ = {
			isa = PBXGroup;
			children = (
				83C889792AB99C1C00EF980E /* AppRootManager.swift */,
			);
			path = Managers;
			sourceTree = "<group>";
		};
/* End PBXGroup section */

/* Begin PBXNativeTarget section */
		836638B02AB2E8C500FCB47F /* Social_App */ = {
			isa = PBXNativeTarget;
			buildConfigurationList = 836638BF2AB2E8C700FCB47F /* Build configuration list for PBXNativeTarget "Social_App" */;
			buildPhases = (
				836638AD2AB2E8C500FCB47F /* Sources */,
				836638AE2AB2E8C500FCB47F /* Frameworks */,
				836638AF2AB2E8C500FCB47F /* Resources */,
			);
			buildRules = (
			);
			dependencies = (
			);
			name = Social_App;
			productName = Social_App;
			productReference = 836638B12AB2E8C500FCB47F /* Social_App.app */;
			productType = "com.apple.product-type.application";
		};
/* End PBXNativeTarget section */

/* Begin PBXProject section */
		836638A92AB2E8C500FCB47F /* Project object */ = {
			isa = PBXProject;
			attributes = {
				BuildIndependentTargetsInParallel = 1;
				LastSwiftUpdateCheck = 1430;
				LastUpgradeCheck = 1430;
				TargetAttributes = {
					836638B02AB2E8C500FCB47F = {
						CreatedOnToolsVersion = 14.3.1;
					};
				};
			};
			buildConfigurationList = 836638AC2AB2E8C500FCB47F /* Build configuration list for PBXProject "Social_App" */;
			compatibilityVersion = "Xcode 14.0";
			developmentRegion = en;
			hasScannedForEncodings = 0;
			knownRegions = (
				en,
				Base,
			);
			mainGroup = 836638A82AB2E8C500FCB47F;
			productRefGroup = 836638B22AB2E8C500FCB47F /* Products */;
			projectDirPath = "";
			projectRoot = "";
			targets = (
				836638B02AB2E8C500FCB47F /* Social_App */,
			);
		};
/* End PBXProject section */

/* Begin PBXResourcesBuildPhase section */
		836638AF2AB2E8C500FCB47F /* Resources */ = {
			isa = PBXResourcesBuildPhase;
			buildActionMask = 2147483647;
			files = (
				836638BC2AB2E8C700FCB47F /* Preview Assets.xcassets in Resources */,
				836638B92AB2E8C700FCB47F /* Assets.xcassets in Resources */,
			);
			runOnlyForDeploymentPostprocessing = 0;
		};
/* End PBXResourcesBuildPhase section */

/* Begin PBXSourcesBuildPhase section */
		836638AD2AB2E8C500FCB47F /* Sources */ = {
			isa = PBXSourcesBuildPhase;
			buildActionMask = 2147483647;
			files = (
				836638B72AB2E8C500FCB47F /* WelcomeView.swift in Sources */,
				836638EA2AB83A1000FCB47F /* HomeViewModel.swift in Sources */,
				836638C72AB2E8DE00FCB47F /* Color+.swift in Sources */,
				836638D02AB2EFAA00FCB47F /* EnvironmentValues+.swift in Sources */,
				83B753942AB97D69002D95BB /* View+.swift in Sources */,
				836638ED2AB83B9300FCB47F /* RecommendUser.swift in Sources */,
				836638D22AB2F1DD00FCB47F /* RoundedTextField.swift in Sources */,
				836638CB2AB2E95200FCB47F /* Step1View.swift in Sources */,
				836638E72AB7F93F00FCB47F /* HomeView.swift in Sources */,
				836638DD2AB3016800FCB47F /* NavigationUtil.swift in Sources */,
				836638DA2AB2FBC200FCB47F /* Step4View.swift in Sources */,
				83B753902AB96A3B002D95BB /* UserDetailView.swift in Sources */,
				831C67932ABBDE55000751BC /* MesssageViewModel.swift in Sources */,
				8367FF2E2ABC1973003C9C0C /* WhatPeopleSaying.swift in Sources */,
				831C67902ABBDE37000751BC /* MessageMainView.swift in Sources */,
				836638C62AB2E8DE00FCB47F /* CGFloat+.swift in Sources */,
				836638DF2AB3037100FCB47F /* LoginView.swift in Sources */,
				831C67952ABBEA28000751BC /* TestUI.swift in Sources */,
				836638F02AB8402800FCB47F /* RecommendUserCell.swift in Sources */,
				831C67972ABC0073000751BC /* ChatRoom.swift in Sources */,
				836638B52AB2E8C500FCB47F /* Social_AppApp.swift in Sources */,
				836638CE2AB2E98A00FCB47F /* NavigationBar.swift in Sources */,
				831C67992ABC03C6000751BC /* ChatRoomCell.swift in Sources */,
				836638D62AB2F4E300FCB47F /* Step3View.swift in Sources */,
				836638F22AB84D9000FCB47F /* UserFeed.swift in Sources */,
				836638D82AB2F67100FCB47F /* RoundedSecureField.swift in Sources */,
				836638E42AB3EC7300FCB47F /* TabButton.swift in Sources */,
				836638D42AB2F4DF00FCB47F /* Step2View.swift in Sources */,
				836638E22AB3E65C00FCB47F /* MainTabView.swift in Sources */,
				83C8897A2AB99C1C00EF980E /* AppRootManager.swift in Sources */,
				83292BB72ABC1292001BDF2D /* WhatPeopleSayingCell.swift in Sources */,
			);
			runOnlyForDeploymentPostprocessing = 0;
		};
/* End PBXSourcesBuildPhase section */

/* Begin XCBuildConfiguration section */
		836638BD2AB2E8C700FCB47F /* Debug */ = {
			isa = XCBuildConfiguration;
			buildSettings = {
				ALWAYS_SEARCH_USER_PATHS = NO;
				CLANG_ANALYZER_NONNULL = YES;
				CLANG_ANALYZER_NUMBER_OBJECT_CONVERSION = YES_AGGRESSIVE;
				CLANG_CXX_LANGUAGE_STANDARD = "gnu++20";
				CLANG_ENABLE_MODULES = YES;
				CLANG_ENABLE_OBJC_ARC = YES;
				CLANG_ENABLE_OBJC_WEAK = YES;
				CLANG_WARN_BLOCK_CAPTURE_AUTORELEASING = YES;
				CLANG_WARN_BOOL_CONVERSION = YES;
				CLANG_WARN_COMMA = YES;
				CLANG_WARN_CONSTANT_CONVERSION = YES;
				CLANG_WARN_DEPRECATED_OBJC_IMPLEMENTATIONS = YES;
				CLANG_WARN_DIRECT_OBJC_ISA_USAGE = YES_ERROR;
				CLANG_WARN_DOCUMENTATION_COMMENTS = YES;
				CLANG_WARN_EMPTY_BODY = YES;
				CLANG_WARN_ENUM_CONVERSION = YES;
				CLANG_WARN_INFINITE_RECURSION = YES;
				CLANG_WARN_INT_CONVERSION = YES;
				CLANG_WARN_NON_LITERAL_NULL_CONVERSION = YES;
				CLANG_WARN_OBJC_IMPLICIT_RETAIN_SELF = YES;
				CLANG_WARN_OBJC_LITERAL_CONVERSION = YES;
				CLANG_WARN_OBJC_ROOT_CLASS = YES_ERROR;
				CLANG_WARN_QUOTED_INCLUDE_IN_FRAMEWORK_HEADER = YES;
				CLANG_WARN_RANGE_LOOP_ANALYSIS = YES;
				CLANG_WARN_STRICT_PROTOTYPES = YES;
				CLANG_WARN_SUSPICIOUS_MOVE = YES;
				CLANG_WARN_UNGUARDED_AVAILABILITY = YES_AGGRESSIVE;
				CLANG_WARN_UNREACHABLE_CODE = YES;
				CLANG_WARN__DUPLICATE_METHOD_MATCH = YES;
				COPY_PHASE_STRIP = NO;
				DEBUG_INFORMATION_FORMAT = dwarf;
				ENABLE_STRICT_OBJC_MSGSEND = YES;
				ENABLE_TESTABILITY = YES;
				GCC_C_LANGUAGE_STANDARD = gnu11;
				GCC_DYNAMIC_NO_PIC = NO;
				GCC_NO_COMMON_BLOCKS = YES;
				GCC_OPTIMIZATION_LEVEL = 0;
				GCC_PREPROCESSOR_DEFINITIONS = (
					"DEBUG=1",
					"$(inherited)",
				);
				GCC_WARN_64_TO_32_BIT_CONVERSION = YES;
				GCC_WARN_ABOUT_RETURN_TYPE = YES_ERROR;
				GCC_WARN_UNDECLARED_SELECTOR = YES;
				GCC_WARN_UNINITIALIZED_AUTOS = YES_AGGRESSIVE;
				GCC_WARN_UNUSED_FUNCTION = YES;
				GCC_WARN_UNUSED_VARIABLE = YES;
				IPHONEOS_DEPLOYMENT_TARGET = 16.4;
				MTL_ENABLE_DEBUG_INFO = INCLUDE_SOURCE;
				MTL_FAST_MATH = YES;
				ONLY_ACTIVE_ARCH = YES;
				SDKROOT = iphoneos;
				SWIFT_ACTIVE_COMPILATION_CONDITIONS = DEBUG;
				SWIFT_OPTIMIZATION_LEVEL = "-Onone";
			};
			name = Debug;
		};
		836638BE2AB2E8C700FCB47F /* Release */ = {
			isa = XCBuildConfiguration;
			buildSettings = {
				ALWAYS_SEARCH_USER_PATHS = NO;
				CLANG_ANALYZER_NONNULL = YES;
				CLANG_ANALYZER_NUMBER_OBJECT_CONVERSION = YES_AGGRESSIVE;
				CLANG_CXX_LANGUAGE_STANDARD = "gnu++20";
				CLANG_ENABLE_MODULES = YES;
				CLANG_ENABLE_OBJC_ARC = YES;
				CLANG_ENABLE_OBJC_WEAK = YES;
				CLANG_WARN_BLOCK_CAPTURE_AUTORELEASING = YES;
				CLANG_WARN_BOOL_CONVERSION = YES;
				CLANG_WARN_COMMA = YES;
				CLANG_WARN_CONSTANT_CONVERSION = YES;
				CLANG_WARN_DEPRECATED_OBJC_IMPLEMENTATIONS = YES;
				CLANG_WARN_DIRECT_OBJC_ISA_USAGE = YES_ERROR;
				CLANG_WARN_DOCUMENTATION_COMMENTS = YES;
				CLANG_WARN_EMPTY_BODY = YES;
				CLANG_WARN_ENUM_CONVERSION = YES;
				CLANG_WARN_INFINITE_RECURSION = YES;
				CLANG_WARN_INT_CONVERSION = YES;
				CLANG_WARN_NON_LITERAL_NULL_CONVERSION = YES;
				CLANG_WARN_OBJC_IMPLICIT_RETAIN_SELF = YES;
				CLANG_WARN_OBJC_LITERAL_CONVERSION = YES;
				CLANG_WARN_OBJC_ROOT_CLASS = YES_ERROR;
				CLANG_WARN_QUOTED_INCLUDE_IN_FRAMEWORK_HEADER = YES;
				CLANG_WARN_RANGE_LOOP_ANALYSIS = YES;
				CLANG_WARN_STRICT_PROTOTYPES = YES;
				CLANG_WARN_SUSPICIOUS_MOVE = YES;
				CLANG_WARN_UNGUARDED_AVAILABILITY = YES_AGGRESSIVE;
				CLANG_WARN_UNREACHABLE_CODE = YES;
				CLANG_WARN__DUPLICATE_METHOD_MATCH = YES;
				COPY_PHASE_STRIP = NO;
				DEBUG_INFORMATION_FORMAT = "dwarf-with-dsym";
				ENABLE_NS_ASSERTIONS = NO;
				ENABLE_STRICT_OBJC_MSGSEND = YES;
				GCC_C_LANGUAGE_STANDARD = gnu11;
				GCC_NO_COMMON_BLOCKS = YES;
				GCC_WARN_64_TO_32_BIT_CONVERSION = YES;
				GCC_WARN_ABOUT_RETURN_TYPE = YES_ERROR;
				GCC_WARN_UNDECLARED_SELECTOR = YES;
				GCC_WARN_UNINITIALIZED_AUTOS = YES_AGGRESSIVE;
				GCC_WARN_UNUSED_FUNCTION = YES;
				GCC_WARN_UNUSED_VARIABLE = YES;
				IPHONEOS_DEPLOYMENT_TARGET = 16.4;
				MTL_ENABLE_DEBUG_INFO = NO;
				MTL_FAST_MATH = YES;
				SDKROOT = iphoneos;
				SWIFT_COMPILATION_MODE = wholemodule;
				SWIFT_OPTIMIZATION_LEVEL = "-O";
				VALIDATE_PRODUCT = YES;
			};
			name = Release;
		};
		836638C02AB2E8C700FCB47F /* Debug */ = {
			isa = XCBuildConfiguration;
			buildSettings = {
				ASSETCATALOG_COMPILER_APPICON_NAME = AppIcon;
				ASSETCATALOG_COMPILER_GLOBAL_ACCENT_COLOR_NAME = AccentColor;
				CODE_SIGN_STYLE = Automatic;
				CURRENT_PROJECT_VERSION = 1;
				DEVELOPMENT_ASSET_PATHS = "\"Social_App/Preview Content\"";
				DEVELOPMENT_TEAM = APATJHZZY7;
				ENABLE_PREVIEWS = YES;
				GENERATE_INFOPLIST_FILE = YES;
				INFOPLIST_KEY_UIApplicationSceneManifest_Generation = YES;
				INFOPLIST_KEY_UIApplicationSupportsIndirectInputEvents = YES;
				INFOPLIST_KEY_UILaunchScreen_Generation = YES;
				INFOPLIST_KEY_UISupportedInterfaceOrientations_iPad = "UIInterfaceOrientationPortrait UIInterfaceOrientationPortraitUpsideDown UIInterfaceOrientationLandscapeLeft UIInterfaceOrientationLandscapeRight";
				INFOPLIST_KEY_UISupportedInterfaceOrientations_iPhone = "UIInterfaceOrientationPortrait UIInterfaceOrientationLandscapeLeft UIInterfaceOrientationLandscapeRight";
				IPHONEOS_DEPLOYMENT_TARGET = 17.0;
				LD_RUNPATH_SEARCH_PATHS = (
					"$(inherited)",
					"@executable_path/Frameworks",
				);
				MARKETING_VERSION = 1.0;
				PRODUCT_BUNDLE_IDENTIFIER = "com.waiker.Social-App";
				PRODUCT_NAME = "$(TARGET_NAME)";
				SWIFT_EMIT_LOC_STRINGS = YES;
				SWIFT_VERSION = 5.0;
				TARGETED_DEVICE_FAMILY = "1,2";
			};
			name = Debug;
		};
		836638C12AB2E8C700FCB47F /* Release */ = {
			isa = XCBuildConfiguration;
			buildSettings = {
				ASSETCATALOG_COMPILER_APPICON_NAME = AppIcon;
				ASSETCATALOG_COMPILER_GLOBAL_ACCENT_COLOR_NAME = AccentColor;
				CODE_SIGN_STYLE = Automatic;
				CURRENT_PROJECT_VERSION = 1;
				DEVELOPMENT_ASSET_PATHS = "\"Social_App/Preview Content\"";
				DEVELOPMENT_TEAM = APATJHZZY7;
				ENABLE_PREVIEWS = YES;
				GENERATE_INFOPLIST_FILE = YES;
				INFOPLIST_KEY_UIApplicationSceneManifest_Generation = YES;
				INFOPLIST_KEY_UIApplicationSupportsIndirectInputEvents = YES;
				INFOPLIST_KEY_UILaunchScreen_Generation = YES;
				INFOPLIST_KEY_UISupportedInterfaceOrientations_iPad = "UIInterfaceOrientationPortrait UIInterfaceOrientationPortraitUpsideDown UIInterfaceOrientationLandscapeLeft UIInterfaceOrientationLandscapeRight";
				INFOPLIST_KEY_UISupportedInterfaceOrientations_iPhone = "UIInterfaceOrientationPortrait UIInterfaceOrientationLandscapeLeft UIInterfaceOrientationLandscapeRight";
				IPHONEOS_DEPLOYMENT_TARGET = 17.0;
				LD_RUNPATH_SEARCH_PATHS = (
					"$(inherited)",
					"@executable_path/Frameworks",
				);
				MARKETING_VERSION = 1.0;
				PRODUCT_BUNDLE_IDENTIFIER = "com.waiker.Social-App";
				PRODUCT_NAME = "$(TARGET_NAME)";
				SWIFT_EMIT_LOC_STRINGS = YES;
				SWIFT_VERSION = 5.0;
				TARGETED_DEVICE_FAMILY = "1,2";
			};
			name = Release;
		};
/* End XCBuildConfiguration section */

/* Begin XCConfigurationList section */
		836638AC2AB2E8C500FCB47F /* Build configuration list for PBXProject "Social_App" */ = {
			isa = XCConfigurationList;
			buildConfigurations = (
				836638BD2AB2E8C700FCB47F /* Debug */,
				836638BE2AB2E8C700FCB47F /* Release */,
			);
			defaultConfigurationIsVisible = 0;
			defaultConfigurationName = Release;
		};
		836638BF2AB2E8C700FCB47F /* Build configuration list for PBXNativeTarget "Social_App" */ = {
			isa = XCConfigurationList;
			buildConfigurations = (
				836638C02AB2E8C700FCB47F /* Debug */,
				836638C12AB2E8C700FCB47F /* Release */,
			);
			defaultConfigurationIsVisible = 0;
			defaultConfigurationName = Release;
		};
/* End XCConfigurationList section */
	};
	rootObject = 836638A92AB2E8C500FCB47F /* Project object */;
}
